
Microsoft Visual Studio Solution File, Format Version 12.00
# Visual Studio Version 17
VisualStudioVersion = 17.7.34009.444
MinimumVisualStudioVersion = 10.0.40219.1
Project("{FAE04EC0-301F-11D3-BF4B-00C04F79EFBC}") = "RaceApp", "RaceApp.csproj", "{4E6D67CE-8808-4C7A-A752-DA977C9053A5}"
EndProject
Global
	GlobalSection(SolutionConfigurationPlatforms) = preSolution
		Debug|Any CPU = Debug|Any CPU
		Release|Any CPU = Release|Any CPU
	EndGlobalSection
	GlobalSection(ProjectConfigurationPlatforms) = postSolution
		{4E6D67CE-8808-4C7A-A752-DA977C9053A5}.Debug|Any CPU.ActiveCfg = Debug|Any CPU
		{4E6D67CE-8808-4C7A-A752-DA977C9053A5}.Debug|Any CPU.Build.0 = Debug|Any CPU
		{4E6D67CE-8808-4C7A-A752-DA977C9053A5}.Release|Any CPU.ActiveCfg = Release|Any CPU
		{4E6D67CE-8808-4C7A-A752-DA977C9053A5}.Release|Any CPU.Build.0 = Release|Any CPU
	EndGlobalSection
	GlobalSection(SolutionProperties) = preSolution
		HideSolutionNode = FALSE
	EndGlobalSection
	GlobalSection(ExtensibilityGlobals) = postSolution
		SolutionGuid = {48E617CD-A311-443A-8644-50CA402BCDF5}
	EndGlobalSection
EndGlobal
